
Microsoft Visual Studio Solution File, Format Version 12.00
# Visual Studio Version 17
VisualStudioVersion = 17.1.32210.238
MinimumVisualStudioVersion = 10.0.40219.1
Project("{FAE04EC0-301F-11D3-BF4B-00C04F79EFBC}") = "VirtualAbstract", "VirtualAbstract\VirtualAbstract.csproj", "{ED99C6EA-7075-44BF-A150-2C6FEC769D29}"
EndProject
Project("{FAE04EC0-301F-11D3-BF4B-00C04F79EFBC}") = "Core", "Core\Core.csproj", "{FD317DDC-156B-46E5-8AA9-080EAE7C1D1A}"
EndProject
Project("{FAE04EC0-301F-11D3-BF4B-00C04F79EFBC}") = "Utils", "Utils\Utils.csproj", "{8AD70FB4-3DA2-43CF-8A19-DC56F8CF783B}"
EndProject
Global
	GlobalSection(SolutionConfigurationPlatforms) = preSolution
		Debug|Any CPU = Debug|Any CPU
		Release|Any CPU = Release|Any CPU
	EndGlobalSection
	GlobalSection(ProjectConfigurationPlatforms) = postSolution
		{ED99C6EA-7075-44BF-A150-2C6FEC769D29}.Debug|Any CPU.ActiveCfg = Debug|Any CPU
		{ED99C6EA-7075-44BF-A150-2C6FEC769D29}.Debug|Any CPU.Build.0 = Debug|Any CPU
		{ED99C6EA-7075-44BF-A150-2C6FEC769D29}.Release|Any CPU.ActiveCfg = Release|Any CPU
		{ED99C6EA-7075-44BF-A150-2C6FEC769D29}.Release|Any CPU.Build.0 = Release|Any CPU
		{FD317DDC-156B-46E5-8AA9-080EAE7C1D1A}.Debug|Any CPU.ActiveCfg = Debug|Any CPU
		{FD317DDC-156B-46E5-8AA9-080EAE7C1D1A}.Debug|Any CPU.Build.0 = Debug|Any CPU
		{FD317DDC-156B-46E5-8AA9-080EAE7C1D1A}.Release|Any CPU.ActiveCfg = Release|Any CPU
		{FD317DDC-156B-46E5-8AA9-080EAE7C1D1A}.Release|Any CPU.Build.0 = Release|Any CPU
		{8AD70FB4-3DA2-43CF-8A19-DC56F8CF783B}.Debug|Any CPU.ActiveCfg = Debug|Any CPU
		{8AD70FB4-3DA2-43CF-8A19-DC56F8CF783B}.Debug|Any CPU.Build.0 = Debug|Any CPU
		{8AD70FB4-3DA2-43CF-8A19-DC56F8CF783B}.Release|Any CPU.ActiveCfg = Release|Any CPU
		{8AD70FB4-3DA2-43CF-8A19-DC56F8CF783B}.Release|Any CPU.Build.0 = Release|Any CPU
	EndGlobalSection
	GlobalSection(SolutionProperties) = preSolution
		HideSolutionNode = FALSE
	EndGlobalSection
	GlobalSection(ExtensibilityGlobals) = postSolution
		SolutionGuid = {3DAA3D81-7FA3-4B43-B0D7-E1C98D06F8FB}
	EndGlobalSection
EndGlobal
